
Microsoft Visual Studio Solution File, Format Version 12.00
# Visual Studio Version 16
VisualStudioVersion = 16.0.30128.74
MinimumVisualStudioVersion = 10.0.40219.1
Project("{9A19103F-16F7-4668-BE54-9A1E7A4F7556}") = "TaskManager.API", "TaskManager\TaskManager.API.csproj", "{027FD24F-A19D-4371-B629-8787D9E44D02}"
EndProject
Global
	GlobalSection(SolutionConfigurationPlatforms) = preSolution
		Debug|Any CPU = Debug|Any CPU
		Release|Any CPU = Release|Any CPU
	EndGlobalSection
	GlobalSection(ProjectConfigurationPlatforms) = postSolution
		{027FD24F-A19D-4371-B629-8787D9E44D02}.Debug|Any CPU.ActiveCfg = Debug|Any CPU
		{027FD24F-A19D-4371-B629-8787D9E44D02}.Debug|Any CPU.Build.0 = Debug|Any CPU
		{027FD24F-A19D-4371-B629-8787D9E44D02}.Release|Any CPU.ActiveCfg = Release|Any CPU
		{027FD24F-A19D-4371-B629-8787D9E44D02}.Release|Any CPU.Build.0 = Release|Any CPU
	EndGlobalSection
	GlobalSection(SolutionProperties) = preSolution
		HideSolutionNode = FALSE
	EndGlobalSection
	GlobalSection(ExtensibilityGlobals) = postSolution
		SolutionGuid = {9370325F-3B67-4736-9D64-5EC837D219A2}
	EndGlobalSection
EndGlobal
