
Microsoft Visual Studio Solution File, Format Version 12.00
# Visual Studio Version 16
VisualStudioVersion = 16.0.30128.74
MinimumVisualStudioVersion = 10.0.40219.1
Project("{9A19103F-16F7-4668-BE54-9A1E7A4F7556}") = "TaskManager.API", "TaskManager.API\TaskManager.API.csproj", "{59C4B228-5B11-42A3-9FCD-5E32788FDC42}"
EndProject
Project("{FAE04EC0-301F-11D3-BF4B-00C04F79EFBC}") = "TaskManager.DomainModel", "TaskManager.DomainModel\TaskManager.DomainModel.csproj", "{138C6A3A-E272-4D28-B41A-F91CE00FC5D3}"
EndProject
Global
	GlobalSection(SolutionConfigurationPlatforms) = preSolution
		Debug|Any CPU = Debug|Any CPU
		Release|Any CPU = Release|Any CPU
	EndGlobalSection
	GlobalSection(ProjectConfigurationPlatforms) = postSolution
		{59C4B228-5B11-42A3-9FCD-5E32788FDC42}.Debug|Any CPU.ActiveCfg = Debug|Any CPU
		{59C4B228-5B11-42A3-9FCD-5E32788FDC42}.Debug|Any CPU.Build.0 = Debug|Any CPU
		{59C4B228-5B11-42A3-9FCD-5E32788FDC42}.Release|Any CPU.ActiveCfg = Release|Any CPU
		{59C4B228-5B11-42A3-9FCD-5E32788FDC42}.Release|Any CPU.Build.0 = Release|Any CPU
		{138C6A3A-E272-4D28-B41A-F91CE00FC5D3}.Debug|Any CPU.ActiveCfg = Debug|Any CPU
		{138C6A3A-E272-4D28-B41A-F91CE00FC5D3}.Debug|Any CPU.Build.0 = Debug|Any CPU
		{138C6A3A-E272-4D28-B41A-F91CE00FC5D3}.Release|Any CPU.ActiveCfg = Release|Any CPU
		{138C6A3A-E272-4D28-B41A-F91CE00FC5D3}.Release|Any CPU.Build.0 = Release|Any CPU
	EndGlobalSection
	GlobalSection(SolutionProperties) = preSolution
		HideSolutionNode = FALSE
	EndGlobalSection
	GlobalSection(ExtensibilityGlobals) = postSolution
		SolutionGuid = {9370325F-3B67-4736-9D64-5EC837D219A2}
	EndGlobalSection
EndGlobal
